%{
  "bamboo": {:hex, :bamboo, "0.8.0", "573889a3efcb906bb9d25a1c4caa4ca22f479235e1b8cc3260d8b88dabeb4b14", [:mix], [{:hackney, "~> 1.6", [hex: :hackney, optional: false]}, {:plug, "~> 1.0", [hex: :plug, optional: false]}, {:poison, ">= 1.5.0", [hex: :poison, optional: false]}]},
  "bcrypt_elixir": {:hex, :bcrypt_elixir, "1.0.5", "cca70b5c8d9a98a0151c2d2796c728719c9c4b3f8bd2de015758ef577ee5141e", [:make, :mix], [{:elixir_make, "~> 0.4", [hex: :elixir_make, optional: false]}]},
  "bunt": {:hex, :bunt, "0.2.0", "951c6e801e8b1d2cbe58ebbd3e616a869061ddadcc4863d0a2182541acae9a38", [:mix], []},
  "burette": {:git, "https://github.com/HackerExperience/burette", "f44c71c5fcca23a3086b68efc32c7c6196ad1bf5", []},
  "certifi": {:hex, :certifi, "2.0.0", "a0c0e475107135f76b8c1d5bc7efb33cd3815cb3cf3dea7aefdd174dabead064", [:rebar3], []},
  "combine": {:hex, :combine, "0.10.0", "eff8224eeb56498a2af13011d142c5e7997a80c8f5b97c499f84c841032e429f", [:mix], []},
  "comeonin": {:hex, :comeonin, "4.0.3", "4e257dcb748ed1ca2651b7ba24fdbd1bd24efd12482accf8079141e3fda23a10", [:mix], [{:argon2_elixir, "~> 1.2", [hex: :argon2_elixir, optional: true]}, {:bcrypt_elixir, "~> 0.12.1 or ~> 1.0", [hex: :bcrypt_elixir, optional: true]}, {:pbkdf2_elixir, "~> 0.12", [hex: :pbkdf2_elixir, optional: true]}]},
  "connection": {:hex, :connection, "1.0.4", "a1cae72211f0eef17705aaededacac3eb30e6625b04a6117c1b2db6ace7d5976", [:mix], []},
  "corsica": {:hex, :corsica, "1.1.0", "e5e2960dd8883d7876285acb0f4cfe65a5f5d9d5794f0b4748e2930ad2673fe8", [:mix], [{:cowboy, "~> 1.0", [hex: :cowboy, optional: false]}, {:plug, "~> 1.0", [hex: :plug, optional: false]}]},
  "cowboy": {:hex, :cowboy, "1.1.2", "61ac29ea970389a88eca5a65601460162d370a70018afe6f949a29dca91f3bb0", [:rebar3], [{:cowlib, "~> 1.0.2", [hex: :cowlib, optional: false]}, {:ranch, "~> 1.3.2", [hex: :ranch, optional: false]}]},
  "cowlib": {:hex, :cowlib, "1.0.2", "9d769a1d062c9c3ac753096f868ca121e2730b9a377de23dec0f7e08b1df84ee", [:make], []},
  "credo": {:hex, :credo, "0.8.10", "261862bb7363247762e1063713bb85df2bbd84af8d8610d1272cd9c1943bba63", [:mix], [{:bunt, "~> 0.2.0", [hex: :bunt, optional: false]}]},
  "db_connection": {:hex, :db_connection, "1.1.3", "89b30ca1ef0a3b469b1c779579590688561d586694a3ce8792985d4d7e575a61", [:mix], [{:connection, "~> 1.0.2", [hex: :connection, optional: false]}, {:poolboy, "~> 1.5", [hex: :poolboy, optional: true]}, {:sbroker, "~> 1.0", [hex: :sbroker, optional: true]}]},
  "decimal": {:hex, :decimal, "1.4.1", "ad9e501edf7322f122f7fc151cce7c2a0c9ada96f2b0155b8a09a795c2029770", [:mix], []},
  "dialyxir": {:hex, :dialyxir, "0.5.1", "b331b091720fd93e878137add264bac4f644e1ddae07a70bf7062c7862c4b952", [:mix], [], "hexpm"},
  "distillery": {:hex, :distillery, "1.5.2", "eec18b2d37b55b0bcb670cf2bcf64228ed38ce8b046bb30a9b636a6f5a4c0080", [:mix], []},
  "earmark": {:hex, :earmark, "1.2.4", "99b637c62a4d65a20a9fb674b8cffb8baa771c04605a80c911c4418c69b75439", [:mix], []},
  "ecto": {:hex, :ecto, "2.2.8", "a4463c0928b970f2cee722cd29aaac154e866a15882c5737e0038bbfcf03ec2c", [:mix], [{:db_connection, "~> 1.1", [hex: :db_connection, optional: true]}, {:decimal, "~> 1.2", [hex: :decimal, optional: false]}, {:mariaex, "~> 0.8.0", [hex: :mariaex, optional: true]}, {:poison, "~> 2.2 or ~> 3.0", [hex: :poison, optional: true]}, {:poolboy, "~> 1.5", [hex: :poolboy, optional: false]}, {:postgrex, "~> 0.13.0", [hex: :postgrex, optional: true]}, {:sbroker, "~> 1.0", [hex: :sbroker, optional: true]}]},
  "elixir_make": {:hex, :elixir_make, "0.4.0", "992f38fabe705bb45821a728f20914c554b276838433349d4f2341f7a687cddf", [:mix], []},
  "ex_doc": {:hex, :ex_doc, "0.18.1", "37c69d2ef62f24928c1f4fdc7c724ea04aecfdf500c4329185f8e3649c915baf", [:mix], [{:earmark, "~> 1.1", [hex: :earmark, optional: false]}]},
  "ex_machina": {:hex, :ex_machina, "2.1.0", "4874dc9c78e7cf2d429f24dc3c4005674d4e4da6a08be961ffccc08fb528e28b", [:mix], [{:ecto, "~> 2.1", [hex: :ecto, optional: true]}]},
  "excoveralls": {:hex, :excoveralls, "0.8.1", "0bbf67f22c7dbf7503981d21a5eef5db8bbc3cb86e70d3798e8c802c74fa5e27", [:mix], [{:exjsx, ">= 3.0.0", [hex: :exjsx, optional: false]}, {:hackney, ">= 0.12.0", [hex: :hackney, optional: false]}]},
  "exjsx": {:hex, :exjsx, "4.0.0", "60548841e0212df401e38e63c0078ec57b33e7ea49b032c796ccad8cde794b5c", [:mix], [{:jsx, "~> 2.8.0", [hex: :jsx, optional: false]}]},
  "gettext": {:hex, :gettext, "0.13.1", "5e0daf4e7636d771c4c71ad5f3f53ba09a9ae5c250e1ab9c42ba9edccc476263", [:mix], []},
  "hackney": {:hex, :hackney, "1.11.0", "4951ee019df102492dabba66a09e305f61919a8a183a7860236c0fde586134b6", [:rebar3], [{:certifi, "2.0.0", [hex: :certifi, optional: false]}, {:idna, "5.1.0", [hex: :idna, optional: false]}, {:metrics, "1.0.1", [hex: :metrics, optional: false]}, {:mimerl, "1.0.2", [hex: :mimerl, optional: false]}, {:ssl_verify_fun, "1.1.1", [hex: :ssl_verify_fun, optional: false]}]},
  "helf": {:hex, :helf, "0.0.3", "fbba9b2fa8e2dbd8377fc530b1898a7c760fdba4e0832ea4ffc223847fe798b1", [:mix], [{:bamboo, "~> 0.8", [hex: :bamboo, optional: false]}, {:cowboy, "~> 1.1.2", [hex: :cowboy, optional: false]}, {:poison, "~> 3.1.0", [hex: :poison, optional: false]}]},
  "idna": {:hex, :idna, "5.1.0", "d72b4effeb324ad5da3cab1767cb16b17939004e789d8c0ad5b70f3cea20c89a", [:rebar3], [{:unicode_util_compat, "0.3.1", [hex: :unicode_util_compat, optional: false]}]},
  "inch_ex": {:hex, :inch_ex, "0.5.6", "418357418a553baa6d04eccd1b44171936817db61f4c0840112b420b8e378e67", [:mix], [{:poison, "~> 1.5 or ~> 2.0 or ~> 3.0", [hex: :poison, optional: false]}]},
  "jsx": {:hex, :jsx, "2.8.3", "a05252d381885240744d955fbe3cf810504eb2567164824e19303ea59eef62cf", [:mix, :rebar3], []},
  "logger_file_backend": {:hex, :logger_file_backend, "0.0.10", "876f9f84ae110781207c54321ffbb62bebe02946fe3c13f0d7c5f5d8ad4fa910", [:mix], []},
  "metrics": {:hex, :metrics, "1.0.1", "25f094dea2cda98213cecc3aeff09e940299d950904393b2a29d191c346a8486", [:rebar3], []},
  "mime": {:hex, :mime, "1.2.0", "78adaa84832b3680de06f88f0997e3ead3b451a440d183d688085be2d709b534", [:mix], []},
  "mimerl": {:hex, :mimerl, "1.0.2", "993f9b0e084083405ed8252b99460c4f0563e41729ab42d9074fd5e52439be88", [:rebar3], []},
  "msgpax": {:hex, :msgpax, "1.1.0", "e31625e256db2decca1ae2b841f21b4d2483b1332649ce3ebc96c7ff7a4986e3", [:mix], [{:plug, "~> 1.0", [hex: :plug, optional: true]}]},
  "phoenix": {:hex, :phoenix, "1.3.0", "1c01124caa1b4a7af46f2050ff11b267baa3edb441b45dbf243e979cd4c5891b", [:mix], [{:cowboy, "~> 1.0", [hex: :cowboy, optional: true]}, {:phoenix_pubsub, "~> 1.0", [hex: :phoenix_pubsub, optional: false]}, {:plug, "~> 1.3.3 or ~> 1.4", [hex: :plug, optional: false]}, {:poison, "~> 2.2 or ~> 3.0", [hex: :poison, optional: false]}]},
  "phoenix_pubsub": {:hex, :phoenix_pubsub, "1.0.2", "bfa7fd52788b5eaa09cb51ff9fcad1d9edfeb68251add458523f839392f034c1", [:mix], []},
  "plug": {:hex, :plug, "1.4.5", "7b13869283fff6b8b21b84b8735326cc012c5eef8607095dc6ee24bd0a273d8e", [:mix], [{:cowboy, "~> 1.0.1 or ~> 1.1", [hex: :cowboy, optional: true]}, {:mime, "~> 1.0", [hex: :mime, optional: false]}]},
  "poison": {:hex, :poison, "3.1.0", "d9eb636610e096f86f25d9a46f35a9facac35609a7591b3be3326e99a0484665", [:mix], []},
  "poolboy": {:hex, :poolboy, "1.5.1", "6b46163901cfd0a1b43d692657ed9d7e599853b3b21b95ae5ae0a777cf9b6ca8", [:rebar], []},
  "postgrex": {:hex, :postgrex, "0.13.5", "3d931aba29363e1443da167a4b12f06dcd171103c424de15e5f3fc2ba3e6d9c5", [:mix], [{:connection, "~> 1.0", [hex: :connection, repo: "hexpm", optional: false]}, {:db_connection, "~> 1.1", [hex: :db_connection, repo: "hexpm", optional: false]}, {:decimal, "~> 1.0", [hex: :decimal, repo: "hexpm", optional: false]}], "hexpm"},
  "ranch": {:hex, :ranch, "1.3.2", "e4965a144dc9fbe70e5c077c65e73c57165416a901bd02ea899cfd95aa890986", [:rebar3], []},
  "ssl_verify_fun": {:hex, :ssl_verify_fun, "1.1.1", "28a4d65b7f59893bc2c7de786dec1e1555bd742d336043fe644ae956c3497fbe", [:make, :rebar], []},
  "timber": {:hex, :timber, "2.6.1", "946dee43730b30748c7a3ed0085abe8690dcbaf4cd96031caba676b938dd40a6", [:mix], [{:ecto, ">= 2.0.0 and < 2.3.0", [hex: :ecto, optional: true]}, {:hackney, "1.6.3 or 1.6.5 or 1.7.1 or 1.8.6 or ~> 1.9", [hex: :hackney, optional: false]}, {:msgpax, "~> 1.0", [hex: :msgpax, optional: false]}, {:phoenix, ">= 1.2.0 and < 1.4.0", [hex: :phoenix, optional: true]}, {:plug, ">= 1.2.0 and < 1.5.0", [hex: :plug, optional: true]}, {:poison, "~> 1.0 or ~> 2.0 or ~> 3.0", [hex: :poison, optional: false]}]},
  "timex": {:hex, :timex, "3.1.24", "d198ae9783ac807721cca0c5535384ebdf99da4976be8cefb9665a9262a1e9e3", [:mix], [{:combine, "~> 0.7", [hex: :combine, optional: false]}, {:gettext, "~> 0.10", [hex: :gettext, optional: false]}, {:tzdata, "~> 0.1.8 or ~> 0.5", [hex: :tzdata, optional: false]}]},
  "tzdata": {:hex, :tzdata, "0.5.12", "1c17b68692c6ba5b6ab15db3d64cc8baa0f182043d5ae9d4b6d35d70af76f67b", [:mix], [{:hackney, "~> 1.0", [hex: :hackney, optional: false]}]},
  "unicode_util_compat": {:hex, :unicode_util_compat, "0.3.1", "a1f612a7b512638634a603c8f401892afbf99b8ce93a45041f8aaca99cadb85e", [:rebar3], []},
}
